
Microsoft Visual Studio Solution File, Format Version 12.00
# Visual Studio 15
VisualStudioVersion = 15.0.27703.2018
MinimumVisualStudioVersion = 10.0.40219.1
Project("{FAE04EC0-301F-11D3-BF4B-00C04F79EFBC}") = "Energia Cinética", "Energia Cinética\Energia Cinética.csproj", "{34D7464A-94DC-487E-82C8-54FB336DABCB}"
EndProject
Global
	GlobalSection(SolutionConfigurationPlatforms) = preSolution
		Debug|Any CPU = Debug|Any CPU
		Release|Any CPU = Release|Any CPU
	EndGlobalSection
	GlobalSection(ProjectConfigurationPlatforms) = postSolution
		{34D7464A-94DC-487E-82C8-54FB336DABCB}.Debug|Any CPU.ActiveCfg = Debug|Any CPU
		{34D7464A-94DC-487E-82C8-54FB336DABCB}.Debug|Any CPU.Build.0 = Debug|Any CPU
		{34D7464A-94DC-487E-82C8-54FB336DABCB}.Release|Any CPU.ActiveCfg = Release|Any CPU
		{34D7464A-94DC-487E-82C8-54FB336DABCB}.Release|Any CPU.Build.0 = Release|Any CPU
	EndGlobalSection
	GlobalSection(SolutionProperties) = preSolution
		HideSolutionNode = FALSE
	EndGlobalSection
	GlobalSection(ExtensibilityGlobals) = postSolution
		SolutionGuid = {855E77AE-3449-4B6E-9665-7CBE7A0584EC}
	EndGlobalSection
EndGlobal
